
Microsoft Visual Studio Solution File, Format Version 12.00
# Visual Studio 15
VisualStudioVersion = 15.0.26124.0
MinimumVisualStudioVersion = 15.0.26124.0
Project("{2150E333-8FDC-42A3-9474-1A3956D46DE8}") = "src", "src", "{ABD76C63-B2D2-4E1D-9BE4-B1225A99C62B}"
EndProject
Project("{FAE04EC0-301F-11D3-BF4B-00C04F79EFBC}") = "Gradebook", "src\GradeBook\Gradebook.csproj", "{93016799-6B72-4869-ACEC-373B1E297F15}"
EndProject
Project("{2150E333-8FDC-42A3-9474-1A3956D46DE8}") = "test", "test", "{CB166AE9-8F73-4276-8865-E7ECCE87B328}"
EndProject
Project("{FAE04EC0-301F-11D3-BF4B-00C04F79EFBC}") = "GradeBook.Test", "test\GradeBook.Test\GradeBook.Test.csproj", "{67C1D89C-55F5-4452-8B0F-3CD2C0047BDE}"
EndProject
Global
	GlobalSection(SolutionConfigurationPlatforms) = preSolution
		Debug|Any CPU = Debug|Any CPU
		Debug|x64 = Debug|x64
		Debug|x86 = Debug|x86
		Release|Any CPU = Release|Any CPU
		Release|x64 = Release|x64
		Release|x86 = Release|x86
	EndGlobalSection
	GlobalSection(SolutionProperties) = preSolution
		HideSolutionNode = FALSE
	EndGlobalSection
	GlobalSection(ProjectConfigurationPlatforms) = postSolution
		{93016799-6B72-4869-ACEC-373B1E297F15}.Debug|Any CPU.ActiveCfg = Debug|Any CPU
		{93016799-6B72-4869-ACEC-373B1E297F15}.Debug|Any CPU.Build.0 = Debug|Any CPU
		{93016799-6B72-4869-ACEC-373B1E297F15}.Debug|x64.ActiveCfg = Debug|Any CPU
		{93016799-6B72-4869-ACEC-373B1E297F15}.Debug|x64.Build.0 = Debug|Any CPU
		{93016799-6B72-4869-ACEC-373B1E297F15}.Debug|x86.ActiveCfg = Debug|Any CPU
		{93016799-6B72-4869-ACEC-373B1E297F15}.Debug|x86.Build.0 = Debug|Any CPU
		{93016799-6B72-4869-ACEC-373B1E297F15}.Release|Any CPU.ActiveCfg = Release|Any CPU
		{93016799-6B72-4869-ACEC-373B1E297F15}.Release|Any CPU.Build.0 = Release|Any CPU
		{93016799-6B72-4869-ACEC-373B1E297F15}.Release|x64.ActiveCfg = Release|Any CPU
		{93016799-6B72-4869-ACEC-373B1E297F15}.Release|x64.Build.0 = Release|Any CPU
		{93016799-6B72-4869-ACEC-373B1E297F15}.Release|x86.ActiveCfg = Release|Any CPU
		{93016799-6B72-4869-ACEC-373B1E297F15}.Release|x86.Build.0 = Release|Any CPU
		{67C1D89C-55F5-4452-8B0F-3CD2C0047BDE}.Debug|Any CPU.ActiveCfg = Debug|Any CPU
		{67C1D89C-55F5-4452-8B0F-3CD2C0047BDE}.Debug|Any CPU.Build.0 = Debug|Any CPU
		{67C1D89C-55F5-4452-8B0F-3CD2C0047BDE}.Debug|x64.ActiveCfg = Debug|Any CPU
		{67C1D89C-55F5-4452-8B0F-3CD2C0047BDE}.Debug|x64.Build.0 = Debug|Any CPU
		{67C1D89C-55F5-4452-8B0F-3CD2C0047BDE}.Debug|x86.ActiveCfg = Debug|Any CPU
		{67C1D89C-55F5-4452-8B0F-3CD2C0047BDE}.Debug|x86.Build.0 = Debug|Any CPU
		{67C1D89C-55F5-4452-8B0F-3CD2C0047BDE}.Release|Any CPU.ActiveCfg = Release|Any CPU
		{67C1D89C-55F5-4452-8B0F-3CD2C0047BDE}.Release|Any CPU.Build.0 = Release|Any CPU
		{67C1D89C-55F5-4452-8B0F-3CD2C0047BDE}.Release|x64.ActiveCfg = Release|Any CPU
		{67C1D89C-55F5-4452-8B0F-3CD2C0047BDE}.Release|x64.Build.0 = Release|Any CPU
		{67C1D89C-55F5-4452-8B0F-3CD2C0047BDE}.Release|x86.ActiveCfg = Release|Any CPU
		{67C1D89C-55F5-4452-8B0F-3CD2C0047BDE}.Release|x86.Build.0 = Release|Any CPU
	EndGlobalSection
	GlobalSection(NestedProjects) = preSolution
		{93016799-6B72-4869-ACEC-373B1E297F15} = {ABD76C63-B2D2-4E1D-9BE4-B1225A99C62B}
		{67C1D89C-55F5-4452-8B0F-3CD2C0047BDE} = {CB166AE9-8F73-4276-8865-E7ECCE87B328}
	EndGlobalSection
EndGlobal
